
Microsoft Visual Studio Solution File, Format Version 12.00
# Visual Studio Version 17
VisualStudioVersion = 17.7.34031.279
MinimumVisualStudioVersion = 10.0.40219.1
Project("{FAE04EC0-301F-11D3-BF4B-00C04F79EFBC}") = "pryTPFinalChacón", "pryTPFinalChacón.csproj", "{2781269C-3E0F-4452-9AB2-615F9E589FF1}"
EndProject
Global
	GlobalSection(SolutionConfigurationPlatforms) = preSolution
		Debug|Any CPU = Debug|Any CPU
		Release|Any CPU = Release|Any CPU
	EndGlobalSection
	GlobalSection(ProjectConfigurationPlatforms) = postSolution
		{2781269C-3E0F-4452-9AB2-615F9E589FF1}.Debug|Any CPU.ActiveCfg = Debug|Any CPU
		{2781269C-3E0F-4452-9AB2-615F9E589FF1}.Debug|Any CPU.Build.0 = Debug|Any CPU
		{2781269C-3E0F-4452-9AB2-615F9E589FF1}.Release|Any CPU.ActiveCfg = Release|Any CPU
		{2781269C-3E0F-4452-9AB2-615F9E589FF1}.Release|Any CPU.Build.0 = Release|Any CPU
	EndGlobalSection
	GlobalSection(SolutionProperties) = preSolution
		HideSolutionNode = FALSE
	EndGlobalSection
	GlobalSection(ExtensibilityGlobals) = postSolution
		SolutionGuid = {606B0E87-9452-46CB-8292-4775B5D0326B}
	EndGlobalSection
EndGlobal
